
Microsoft Visual Studio Solution File, Format Version 12.00
# Visual Studio Version 17
VisualStudioVersion = 17.5.33627.172
MinimumVisualStudioVersion = 10.0.40219.1
Project("{FAE04EC0-301F-11D3-BF4B-00C04F79EFBC}") = "MyWebAPINetCore", "MyWebAPINetCore\MyWebAPINetCore.csproj", "{173B2D60-CBED-4808-9974-16B9D8144981}"
EndProject
Global
	GlobalSection(SolutionConfigurationPlatforms) = preSolution
		Debug|Any CPU = Debug|Any CPU
		Release|Any CPU = Release|Any CPU
	EndGlobalSection
	GlobalSection(ProjectConfigurationPlatforms) = postSolution
		{173B2D60-CBED-4808-9974-16B9D8144981}.Debug|Any CPU.ActiveCfg = Debug|Any CPU
		{173B2D60-CBED-4808-9974-16B9D8144981}.Debug|Any CPU.Build.0 = Debug|Any CPU
		{173B2D60-CBED-4808-9974-16B9D8144981}.Release|Any CPU.ActiveCfg = Release|Any CPU
		{173B2D60-CBED-4808-9974-16B9D8144981}.Release|Any CPU.Build.0 = Release|Any CPU
	EndGlobalSection
	GlobalSection(SolutionProperties) = preSolution
		HideSolutionNode = FALSE
	EndGlobalSection
	GlobalSection(ExtensibilityGlobals) = postSolution
		SolutionGuid = {EAE6FED9-FE1E-46D5-928B-280C237C9258}
	EndGlobalSection
EndGlobal
